
Microsoft Visual Studio Solution File, Format Version 12.00
# Visual Studio Version 17
VisualStudioVersion = 17.4.33213.308
MinimumVisualStudioVersion = 10.0.40219.1
Project("{FAE04EC0-301F-11D3-BF4B-00C04F79EFBC}") = "Week8EpicGame", "Week8EpicGame\Week8EpicGame.csproj", "{0AD6B0E7-EA35-443E-A87D-2A618E7FC87C}"
EndProject
Global
	GlobalSection(SolutionConfigurationPlatforms) = preSolution
		Debug|Any CPU = Debug|Any CPU
		Release|Any CPU = Release|Any CPU
	EndGlobalSection
	GlobalSection(ProjectConfigurationPlatforms) = postSolution
		{0AD6B0E7-EA35-443E-A87D-2A618E7FC87C}.Debug|Any CPU.ActiveCfg = Debug|Any CPU
		{0AD6B0E7-EA35-443E-A87D-2A618E7FC87C}.Debug|Any CPU.Build.0 = Debug|Any CPU
		{0AD6B0E7-EA35-443E-A87D-2A618E7FC87C}.Release|Any CPU.ActiveCfg = Release|Any CPU
		{0AD6B0E7-EA35-443E-A87D-2A618E7FC87C}.Release|Any CPU.Build.0 = Release|Any CPU
	EndGlobalSection
	GlobalSection(SolutionProperties) = preSolution
		HideSolutionNode = FALSE
	EndGlobalSection
	GlobalSection(ExtensibilityGlobals) = postSolution
		SolutionGuid = {F63563B6-204E-49B7-80DC-20FC8B177CFC}
	EndGlobalSection
EndGlobal
